// !$*UTF8*$!
{
	archiveVersion = 1;
	classes = {
	};
	objectVersion = 55;
	objects = {

/* Begin PBXBuildFile section */
		818A090D27D7F8F0003558FC /* HabitTrackingApp.swift in Sources */ = {isa = PBXBuildFile; fileRef = 818A090C27D7F8F0003558FC /* HabitTrackingApp.swift */; };
		818A090F27D7F8F0003558FC /* ActivitiesListView.swift in Sources */ = {isa = PBXBuildFile; fileRef = 818A090E27D7F8F0003558FC /* ActivitiesListView.swift */; };
		818A091127D7F8F1003558FC /* Assets.xcassets in Resources */ = {isa = PBXBuildFile; fileRef = 818A091027D7F8F1003558FC /* Assets.xcassets */; };
		818A091427D7F8F1003558FC /* Preview Assets.xcassets in Resources */ = {isa = PBXBuildFile; fileRef = 818A091327D7F8F1003558FC /* Preview Assets.xcassets */; };
		818A091D27D7FAD7003558FC /* ActivitiesModel.swift in Sources */ = {isa = PBXBuildFile; fileRef = 818A091C27D7FAD7003558FC /* ActivitiesModel.swift */; };
		818A092027D7FAF1003558FC /* Activity.swift in Sources */ = {isa = PBXBuildFile; fileRef = 818A091F27D7FAF1003558FC /* Activity.swift */; };
		818A092227D7FC41003558FC /* ActivityRow.swift in Sources */ = {isa = PBXBuildFile; fileRef = 818A092127D7FC41003558FC /* ActivityRow.swift */; };
		818A092427D7FDA2003558FC /* AddActivityView.swift in Sources */ = {isa = PBXBuildFile; fileRef = 818A092327D7FDA2003558FC /* AddActivityView.swift */; };
		818A092627D80B06003558FC /* IconPickerView.swift in Sources */ = {isa = PBXBuildFile; fileRef = 818A092527D80B06003558FC /* IconPickerView.swift */; };
/* End PBXBuildFile section */

/* Begin PBXFileReference section */
		818A090927D7F8F0003558FC /* HabitTracking.app */ = {isa = PBXFileReference; explicitFileType = wrapper.application; includeInIndex = 0; path = HabitTracking.app; sourceTree = BUILT_PRODUCTS_DIR; };
		818A090C27D7F8F0003558FC /* HabitTrackingApp.swift */ = {isa = PBXFileReference; lastKnownFileType = sourcecode.swift; path = HabitTrackingApp.swift; sourceTree = "<group>"; };
		818A090E27D7F8F0003558FC /* ActivitiesListView.swift */ = {isa = PBXFileReference; lastKnownFileType = sourcecode.swift; path = ActivitiesListView.swift; sourceTree = "<group>"; };
		818A091027D7F8F1003558FC /* Assets.xcassets */ = {isa = PBXFileReference; lastKnownFileType = folder.assetcatalog; path = Assets.xcassets; sourceTree = "<group>"; };
		818A091327D7F8F1003558FC /* Preview Assets.xcassets */ = {isa = PBXFileReference; lastKnownFileType = folder.assetcatalog; path = "Preview Assets.xcassets"; sourceTree = "<group>"; };
		818A091C27D7FAD7003558FC /* ActivitiesModel.swift */ = {isa = PBXFileReference; lastKnownFileType = sourcecode.swift; path = ActivitiesModel.swift; sourceTree = "<group>"; };
		818A091F27D7FAF1003558FC /* Activity.swift */ = {isa = PBXFileReference; lastKnownFileType = sourcecode.swift; path = Activity.swift; sourceTree = "<group>"; };
		818A092127D7FC41003558FC /* ActivityRow.swift */ = {isa = PBXFileReference; lastKnownFileType = sourcecode.swift; path = ActivityRow.swift; sourceTree = "<group>"; };
		818A092327D7FDA2003558FC /* AddActivityView.swift */ = {isa = PBXFileReference; lastKnownFileType = sourcecode.swift; path = AddActivityView.swift; sourceTree = "<group>"; };
		818A092527D80B06003558FC /* IconPickerView.swift */ = {isa = PBXFileReference; lastKnownFileType = sourcecode.swift; path = IconPickerView.swift; sourceTree = "<group>"; };
/* End PBXFileReference section */

/* Begin PBXFrameworksBuildPhase section */
		818A090627D7F8F0003558FC /* Frameworks */ = {
			isa = PBXFrameworksBuildPhase;
			buildActionMask = 2147483647;
			files = (
			);
			runOnlyForDeploymentPostprocessing = 0;
		};
/* End PBXFrameworksBuildPhase section */

/* Begin PBXGroup section */
		818A090027D7F8F0003558FC = {
			isa = PBXGroup;
			children = (
				818A090B27D7F8F0003558FC /* HabitTracking */,
				818A090A27D7F8F0003558FC /* Products */,
			);
			sourceTree = "<group>";
		};
		818A090A27D7F8F0003558FC /* Products */ = {
			isa = PBXGroup;
			children = (
				818A090927D7F8F0003558FC /* HabitTracking.app */,
			);
			name = Products;
			sourceTree = "<group>";
		};
		818A090B27D7F8F0003558FC /* HabitTracking */ = {
			isa = PBXGroup;
			children = (
				818A090C27D7F8F0003558FC /* HabitTrackingApp.swift */,
				818A091E27D7FADD003558FC /* Models */,
				818A091B27D7FA69003558FC /* ViewModel */,
				818A091A27D7FA1C003558FC /* Views */,
				818A091027D7F8F1003558FC /* Assets.xcassets */,
				818A091227D7F8F1003558FC /* Preview Content */,
			);
			path = HabitTracking;
			sourceTree = "<group>";
		};
		818A091227D7F8F1003558FC /* Preview Content */ = {
			isa = PBXGroup;
			children = (
				818A091327D7F8F1003558FC /* Preview Assets.xcassets */,
			);
			path = "Preview Content";
			sourceTree = "<group>";
		};
		818A091A27D7FA1C003558FC /* Views */ = {
			isa = PBXGroup;
			children = (
				818A090E27D7F8F0003558FC /* ActivitiesListView.swift */,
				818A092127D7FC41003558FC /* ActivityRow.swift */,
				818A092327D7FDA2003558FC /* AddActivityView.swift */,
				818A092527D80B06003558FC /* IconPickerView.swift */,
			);
			path = Views;
			sourceTree = "<group>";
		};
		818A091B27D7FA69003558FC /* ViewModel */ = {
			isa = PBXGroup;
			children = (
				818A091C27D7FAD7003558FC /* ActivitiesModel.swift */,
			);
			path = ViewModel;
			sourceTree = "<group>";
		};
		818A091E27D7FADD003558FC /* Models */ = {
			isa = PBXGroup;
			children = (
				818A091F27D7FAF1003558FC /* Activity.swift */,
			);
			path = Models;
			sourceTree = "<group>";
		};
/* End PBXGroup section */

/* Begin PBXNativeTarget section */
		818A090827D7F8F0003558FC /* HabitTracking */ = {
			isa = PBXNativeTarget;
			buildConfigurationList = 818A091727D7F8F1003558FC /* Build configuration list for PBXNativeTarget "HabitTracking" */;
			buildPhases = (
				818A090527D7F8F0003558FC /* Sources */,
				818A090627D7F8F0003558FC /* Frameworks */,
				818A090727D7F8F0003558FC /* Resources */,
			);
			buildRules = (
			);
			dependencies = (
			);
			name = HabitTracking;
			productName = HabitTracking;
			productReference = 818A090927D7F8F0003558FC /* HabitTracking.app */;
			productType = "com.apple.product-type.application";
		};
/* End PBXNativeTarget section */

/* Begin PBXProject section */
		818A090127D7F8F0003558FC /* Project object */ = {
			isa = PBXProject;
			attributes = {
				BuildIndependentTargetsInParallel = 1;
				LastSwiftUpdateCheck = 1320;
				LastUpgradeCheck = 1320;
				TargetAttributes = {
					818A090827D7F8F0003558FC = {
						CreatedOnToolsVersion = 13.2.1;
					};
				};
			};
			buildConfigurationList = 818A090427D7F8F0003558FC /* Build configuration list for PBXProject "HabitTracking" */;
			compatibilityVersion = "Xcode 13.0";
			developmentRegion = en;
			hasScannedForEncodings = 0;
			knownRegions = (
				en,
				Base,
			);
			mainGroup = 818A090027D7F8F0003558FC;
			productRefGroup = 818A090A27D7F8F0003558FC /* Products */;
			projectDirPath = "";
			projectRoot = "";
			targets = (
				818A090827D7F8F0003558FC /* HabitTracking */,
			);
		};
/* End PBXProject section */

/* Begin PBXResourcesBuildPhase section */
		818A090727D7F8F0003558FC /* Resources */ = {
			isa = PBXResourcesBuildPhase;
			buildActionMask = 2147483647;
			files = (
				818A091427D7F8F1003558FC /* Preview Assets.xcassets in Resources */,
				818A091127D7F8F1003558FC /* Assets.xcassets in Resources */,
			);
			runOnlyForDeploymentPostprocessing = 0;
		};
/* End PBXResourcesBuildPhase section */

/* Begin PBXSourcesBuildPhase section */
		818A090527D7F8F0003558FC /* Sources */ = {
			isa = PBXSourcesBuildPhase;
			buildActionMask = 2147483647;
			files = (
				818A092227D7FC41003558FC /* ActivityRow.swift in Sources */,
				818A091D27D7FAD7003558FC /* ActivitiesModel.swift in Sources */,
				818A090F27D7F8F0003558FC /* ActivitiesListView.swift in Sources */,
				818A092627D80B06003558FC /* IconPickerView.swift in Sources */,
				818A092427D7FDA2003558FC /* AddActivityView.swift in Sources */,
				818A092027D7FAF1003558FC /* Activity.swift in Sources */,
				818A090D27D7F8F0003558FC /* HabitTrackingApp.swift in Sources */,
			);
			runOnlyForDeploymentPostprocessing = 0;
		};
/* End PBXSourcesBuildPhase section */

/* Begin XCBuildConfiguration section */
		818A091527D7F8F1003558FC /* Debug */ = {
			isa = XCBuildConfiguration;
			buildSettings = {
				ALWAYS_SEARCH_USER_PATHS = NO;
				CLANG_ANALYZER_NONNULL = YES;
				CLANG_ANALYZER_NUMBER_OBJECT_CONVERSION = YES_AGGRESSIVE;
				CLANG_CXX_LANGUAGE_STANDARD = "gnu++17";
				CLANG_CXX_LIBRARY = "libc++";
				CLANG_ENABLE_MODULES = YES;
				CLANG_ENABLE_OBJC_ARC = YES;
				CLANG_ENABLE_OBJC_WEAK = YES;
				CLANG_WARN_BLOCK_CAPTURE_AUTORELEASING = YES;
				CLANG_WARN_BOOL_CONVERSION = YES;
				CLANG_WARN_COMMA = YES;
				CLANG_WARN_CONSTANT_CONVERSION = YES;
				CLANG_WARN_DEPRECATED_OBJC_IMPLEMENTATIONS = YES;
				CLANG_WARN_DIRECT_OBJC_ISA_USAGE = YES_ERROR;
				CLANG_WARN_DOCUMENTATION_COMMENTS = YES;
				CLANG_WARN_EMPTY_BODY = YES;
				CLANG_WARN_ENUM_CONVERSION = YES;
				CLANG_WARN_INFINITE_RECURSION = YES;
				CLANG_WARN_INT_CONVERSION = YES;
				CLANG_WARN_NON_LITERAL_NULL_CONVERSION = YES;
				CLANG_WARN_OBJC_IMPLICIT_RETAIN_SELF = YES;
				CLANG_WARN_OBJC_LITERAL_CONVERSION = YES;
				CLANG_WARN_OBJC_ROOT_CLASS = YES_ERROR;
				CLANG_WARN_QUOTED_INCLUDE_IN_FRAMEWORK_HEADER = YES;
				CLANG_WARN_RANGE_LOOP_ANALYSIS = YES;
				CLANG_WARN_STRICT_PROTOTYPES = YES;
				CLANG_WARN_SUSPICIOUS_MOVE = YES;
				CLANG_WARN_UNGUARDED_AVAILABILITY = YES_AGGRESSIVE;
				CLANG_WARN_UNREACHABLE_CODE = YES;
				CLANG_WARN__DUPLICATE_METHOD_MATCH = YES;
				COPY_PHASE_STRIP = NO;
				DEBUG_INFORMATION_FORMAT = dwarf;
				ENABLE_STRICT_OBJC_MSGSEND = YES;
				ENABLE_TESTABILITY = YES;
				GCC_C_LANGUAGE_STANDARD = gnu11;
				GCC_DYNAMIC_NO_PIC = NO;
				GCC_NO_COMMON_BLOCKS = YES;
				GCC_OPTIMIZATION_LEVEL = 0;
				GCC_PREPROCESSOR_DEFINITIONS = (
					"DEBUG=1",
					"$(inherited)",
				);
				GCC_WARN_64_TO_32_BIT_CONVERSION = YES;
				GCC_WARN_ABOUT_RETURN_TYPE = YES_ERROR;
				GCC_WARN_UNDECLARED_SELECTOR = YES;
				GCC_WARN_UNINITIALIZED_AUTOS = YES_AGGRESSIVE;
				GCC_WARN_UNUSED_FUNCTION = YES;
				GCC_WARN_UNUSED_VARIABLE = YES;
				IPHONEOS_DEPLOYMENT_TARGET = 15.2;
				MTL_ENABLE_DEBUG_INFO = INCLUDE_SOURCE;
				MTL_FAST_MATH = YES;
				ONLY_ACTIVE_ARCH = YES;
				SDKROOT = iphoneos;
				SWIFT_ACTIVE_COMPILATION_CONDITIONS = DEBUG;
				SWIFT_OPTIMIZATION_LEVEL = "-Onone";
			};
			name = Debug;
		};
		818A091627D7F8F1003558FC /* Release */ = {
			isa = XCBuildConfiguration;
			buildSettings = {
				ALWAYS_SEARCH_USER_PATHS = NO;
				CLANG_ANALYZER_NONNULL = YES;
				CLANG_ANALYZER_NUMBER_OBJECT_CONVERSION = YES_AGGRESSIVE;
				CLANG_CXX_LANGUAGE_STANDARD = "gnu++17";
				CLANG_CXX_LIBRARY = "libc++";
				CLANG_ENABLE_MODULES = YES;
				CLANG_ENABLE_OBJC_ARC = YES;
				CLANG_ENABLE_OBJC_WEAK = YES;
				CLANG_WARN_BLOCK_CAPTURE_AUTORELEASING = YES;
				CLANG_WARN_BOOL_CONVERSION = YES;
				CLANG_WARN_COMMA = YES;
				CLANG_WARN_CONSTANT_CONVERSION = YES;
				CLANG_WARN_DEPRECATED_OBJC_IMPLEMENTATIONS = YES;
				CLANG_WARN_DIRECT_OBJC_ISA_USAGE = YES_ERROR;
				CLANG_WARN_DOCUMENTATION_COMMENTS = YES;
				CLANG_WARN_EMPTY_BODY = YES;
				CLANG_WARN_ENUM_CONVERSION = YES;
				CLANG_WARN_INFINITE_RECURSION = YES;
				CLANG_WARN_INT_CONVERSION = YES;
				CLANG_WARN_NON_LITERAL_NULL_CONVERSION = YES;
				CLANG_WARN_OBJC_IMPLICIT_RETAIN_SELF = YES;
				CLANG_WARN_OBJC_LITERAL_CONVERSION = YES;
				CLANG_WARN_OBJC_ROOT_CLASS = YES_ERROR;
				CLANG_WARN_QUOTED_INCLUDE_IN_FRAMEWORK_HEADER = YES;
				CLANG_WARN_RANGE_LOOP_ANALYSIS = YES;
				CLANG_WARN_STRICT_PROTOTYPES = YES;
				CLANG_WARN_SUSPICIOUS_MOVE = YES;
				CLANG_WARN_UNGUARDED_AVAILABILITY = YES_AGGRESSIVE;
				CLANG_WARN_UNREACHABLE_CODE = YES;
				CLANG_WARN__DUPLICATE_METHOD_MATCH = YES;
				COPY_PHASE_STRIP = NO;
				DEBUG_INFORMATION_FORMAT = "dwarf-with-dsym";
				ENABLE_NS_ASSERTIONS = NO;
				ENABLE_STRICT_OBJC_MSGSEND = YES;
				GCC_C_LANGUAGE_STANDARD = gnu11;
				GCC_NO_COMMON_BLOCKS = YES;
				GCC_WARN_64_TO_32_BIT_CONVERSION = YES;
				GCC_WARN_ABOUT_RETURN_TYPE = YES_ERROR;
				GCC_WARN_UNDECLARED_SELECTOR = YES;
				GCC_WARN_UNINITIALIZED_AUTOS = YES_AGGRESSIVE;
				GCC_WARN_UNUSED_FUNCTION = YES;
				GCC_WARN_UNUSED_VARIABLE = YES;
				IPHONEOS_DEPLOYMENT_TARGET = 15.2;
				MTL_ENABLE_DEBUG_INFO = NO;
				MTL_FAST_MATH = YES;
				SDKROOT = iphoneos;
				SWIFT_COMPILATION_MODE = wholemodule;
				SWIFT_OPTIMIZATION_LEVEL = "-O";
				VALIDATE_PRODUCT = YES;
			};
			name = Release;
		};
		818A091827D7F8F1003558FC /* Debug */ = {
			isa = XCBuildConfiguration;
			buildSettings = {
				ASSETCATALOG_COMPILER_APPICON_NAME = AppIcon;
				ASSETCATALOG_COMPILER_GLOBAL_ACCENT_COLOR_NAME = AccentColor;
				CODE_SIGN_STYLE = Automatic;
				CURRENT_PROJECT_VERSION = 1;
				DEVELOPMENT_ASSET_PATHS = "\"HabitTracking/Preview Content\"";
				DEVELOPMENT_TEAM = 8RKLM75R2Q;
				ENABLE_PREVIEWS = YES;
				GENERATE_INFOPLIST_FILE = YES;
				INFOPLIST_KEY_UIApplicationSceneManifest_Generation = YES;
				INFOPLIST_KEY_UIApplicationSupportsIndirectInputEvents = YES;
				INFOPLIST_KEY_UILaunchScreen_Generation = YES;
				INFOPLIST_KEY_UISupportedInterfaceOrientations_iPad = "UIInterfaceOrientationPortrait UIInterfaceOrientationPortraitUpsideDown UIInterfaceOrientationLandscapeLeft UIInterfaceOrientationLandscapeRight";
				INFOPLIST_KEY_UISupportedInterfaceOrientations_iPhone = "UIInterfaceOrientationPortrait UIInterfaceOrientationLandscapeLeft UIInterfaceOrientationLandscapeRight";
				LD_RUNPATH_SEARCH_PATHS = (
					"$(inherited)",
					"@executable_path/Frameworks",
				);
				MARKETING_VERSION = 1.0;
				PRODUCT_BUNDLE_IDENTIFIER = com.andresraigoza.HabitTracking;
				PRODUCT_NAME = "$(TARGET_NAME)";
				SWIFT_EMIT_LOC_STRINGS = YES;
				SWIFT_VERSION = 5.0;
				TARGETED_DEVICE_FAMILY = "1,2";
			};
			name = Debug;
		};
		818A091927D7F8F1003558FC /* Release */ = {
			isa = XCBuildConfiguration;
			buildSettings = {
				ASSETCATALOG_COMPILER_APPICON_NAME = AppIcon;
				ASSETCATALOG_COMPILER_GLOBAL_ACCENT_COLOR_NAME = AccentColor;
				CODE_SIGN_STYLE = Automatic;
				CURRENT_PROJECT_VERSION = 1;
				DEVELOPMENT_ASSET_PATHS = "\"HabitTracking/Preview Content\"";
				DEVELOPMENT_TEAM = 8RKLM75R2Q;
				ENABLE_PREVIEWS = YES;
				GENERATE_INFOPLIST_FILE = YES;
				INFOPLIST_KEY_UIApplicationSceneManifest_Generation = YES;
				INFOPLIST_KEY_UIApplicationSupportsIndirectInputEvents = YES;
				INFOPLIST_KEY_UILaunchScreen_Generation = YES;
				INFOPLIST_KEY_UISupportedInterfaceOrientations_iPad = "UIInterfaceOrientationPortrait UIInterfaceOrientationPortraitUpsideDown UIInterfaceOrientationLandscapeLeft UIInterfaceOrientationLandscapeRight";
				INFOPLIST_KEY_UISupportedInterfaceOrientations_iPhone = "UIInterfaceOrientationPortrait UIInterfaceOrientationLandscapeLeft UIInterfaceOrientationLandscapeRight";
				LD_RUNPATH_SEARCH_PATHS = (
					"$(inherited)",
					"@executable_path/Frameworks",
				);
				MARKETING_VERSION = 1.0;
				PRODUCT_BUNDLE_IDENTIFIER = com.andresraigoza.HabitTracking;
				PRODUCT_NAME = "$(TARGET_NAME)";
				SWIFT_EMIT_LOC_STRINGS = YES;
				SWIFT_VERSION = 5.0;
				TARGETED_DEVICE_FAMILY = "1,2";
			};
			name = Release;
		};
/* End XCBuildConfiguration section */

/* Begin XCConfigurationList section */
		818A090427D7F8F0003558FC /* Build configuration list for PBXProject "HabitTracking" */ = {
			isa = XCConfigurationList;
			buildConfigurations = (
				818A091527D7F8F1003558FC /* Debug */,
				818A091627D7F8F1003558FC /* Release */,
			);
			defaultConfigurationIsVisible = 0;
			defaultConfigurationName = Release;
		};
		818A091727D7F8F1003558FC /* Build configuration list for PBXNativeTarget "HabitTracking" */ = {
			isa = XCConfigurationList;
			buildConfigurations = (
				818A091827D7F8F1003558FC /* Debug */,
				818A091927D7F8F1003558FC /* Release */,
			);
			defaultConfigurationIsVisible = 0;
			defaultConfigurationName = Release;
		};
/* End XCConfigurationList section */
	};
	rootObject = 818A090127D7F8F0003558FC /* Project object */;
}
